
Microsoft Visual Studio Solution File, Format Version 12.00
# Visual Studio Version 17
VisualStudioVersion = 17.3.32819.101
MinimumVisualStudioVersion = 10.0.40219.1
Project("{9A19103F-16F7-4668-BE54-9A1E7A4F7556}") = "spa-clinic-web", "spa-clinic-web\spa-clinic-web.csproj", "{C55DBA5C-1A09-435C-A08D-447632DFE797}"
EndProject
Project("{9A19103F-16F7-4668-BE54-9A1E7A4F7556}") = "spa-clinic-web.models", "spa-clinic-web.models\spa-clinic-web.models.csproj", "{691376F3-49F3-42F3-9CD4-E05D833010B7}"
EndProject
Global
	GlobalSection(SolutionConfigurationPlatforms) = preSolution
		Debug|Any CPU = Debug|Any CPU
		Release|Any CPU = Release|Any CPU
	EndGlobalSection
	GlobalSection(ProjectConfigurationPlatforms) = postSolution
		{C55DBA5C-1A09-435C-A08D-447632DFE797}.Debug|Any CPU.ActiveCfg = Debug|Any CPU
		{C55DBA5C-1A09-435C-A08D-447632DFE797}.Debug|Any CPU.Build.0 = Debug|Any CPU
		{C55DBA5C-1A09-435C-A08D-447632DFE797}.Release|Any CPU.ActiveCfg = Release|Any CPU
		{C55DBA5C-1A09-435C-A08D-447632DFE797}.Release|Any CPU.Build.0 = Release|Any CPU
		{691376F3-49F3-42F3-9CD4-E05D833010B7}.Debug|Any CPU.ActiveCfg = Debug|Any CPU
		{691376F3-49F3-42F3-9CD4-E05D833010B7}.Debug|Any CPU.Build.0 = Debug|Any CPU
		{691376F3-49F3-42F3-9CD4-E05D833010B7}.Release|Any CPU.ActiveCfg = Release|Any CPU
		{691376F3-49F3-42F3-9CD4-E05D833010B7}.Release|Any CPU.Build.0 = Release|Any CPU
	EndGlobalSection
	GlobalSection(SolutionProperties) = preSolution
		HideSolutionNode = FALSE
	EndGlobalSection
	GlobalSection(ExtensibilityGlobals) = postSolution
		SolutionGuid = {22A50344-3592-4CBA-8B77-29A5EF147150}
	EndGlobalSection
EndGlobal
